version = 1
revision = 3
requires-python = ">=3.12"
resolution-markers = [
    "python_full_version >= '3.14'",
    "python_full_version == '3.13.*'",
    "python_full_version < '3.13'",
]

[[package]]
name = "agentkit"
version = "0.1.0"
source = { editable = "." }
dependencies = [
    { name = "opentelemetry-exporter-otlp-proto-grpc" },
    { name = "opentelemetry-sdk" },
    { name = "opentelemetry-semantic-conventions" },
]

[package.optional-dependencies]
dev = [
    { name = "pytest" },
    { name = "pytest-asyncio" },
    { name = "ruff" },
]

[package.metadata]
requires-dist = [
    { name = "opentelemetry-exporter-otlp-proto-grpc", specifier = ">=1.44.0" },
    { name = "opentelemetry-sdk", specifier = ">=1.44.0" },
    { name = "opentelemetry-semantic-conventions", specifier = ">=0.65b0" },
    { name = "pytest", marker = "extra == 'dev'", specifier = ">=8" },
    { name = "pytest-asyncio", marker = "extra == 'dev'", specifier = ">=0.24" },
    { name = "ruff", marker = "extra == 'dev'", specifier = ">=0.6" },
]
provides-extras = ["dev"]

[[package]]
name = "colorama"
version = "0.4.6"
source = { registry = "https://pypi.org/simple" }
sdist = { url = "https://files.pythonhosted.org/packages/d8/53/6f443c9a4a8358a93a6792e2acffb9d9d5cb0a5cfd8802644b7b1c9a02e4/colorama-0.4.6.tar.gz", hash = "sha256:08695f5cb7ed6e0531a20572697297273c47b8cae5a63ffc6d6ed5c201be6e44", size = 27697, upload-time = "2022-10-25T02:36:22.414Z" }
wheels = [
    { url = "https://files.pythonhosted.org/packages/d1/d6/3965ed04c63042e047cb6a3e6ed1a63a35087b6a609aa3a15ed8ac56c221/colorama-0.4.6-py2.py3-none-any.whl", hash = "sha256:4f1d9991f5acc0ca119f9d443620b77f9d6b33703e51011c16baf57afb285fc6", size = 25335, upload-time = "2022-10-25T02:36:20.889Z" },
]

[[package]]
name = "googleapis-common-protos"
version = "1.75.3"
source = { registry = "https://pypi.org/simple" }
dependencies = [
    { name = "protobuf" },
]
sdist = { url = "https://files.pythonhosted.org/packages/8a/c5/4353a188e2c335aee33269e8b654af228278cca8e5f0b4b5f11e5d0e9adb/googleapis_common_protos-1.75.3.tar.gz", hash = "sha256:57c435ac2c68b108999b6db075d9053e4d7a936ba57b4a3d45667b1346f1738a", size = 153905, upload-time = "2026-09-03T22:31:21.869Z" }
wheels = [
    { url = "https://files.pythonhosted.org/packages/1a/7a/7d79170c6ce6f12e109df2b3879d6b934010cf4f99aea8de8b7e5408c174/googleapis_common_protos-1.75.3-py3-none-any.whl", hash = "sha256:a018d2bf098ca9fb6faa08d5bb780e2a2c2f73c566f069761331386c9596d3f2", size = 306984, upload-time = "2026-09-03T22:30:45.133Z" },
]

[[package]]
name = "grpcio"
version = "1.83.1"
source = { registry = "https://pypi.org/simple" }
dependencies = [
    { name = "typing-extensions" },
]
sdist = { url = "https://files.pythonhosted.org/packages/e2/b1/46539f5050d7c316a13396d185451f95084a74ddc68b12d818595bef0377/grpcio-1.83.1.tar.gz", hash = "sha256:9cee6fcbf2eb57c4b49451787bfa87be8efc1ca02a0b327dd4b54d44502e362b", size = 13445033, upload-time = "2026-08-28T07:09:11.464Z" }
wheels = [
    { url = "https://files.pythonhosted.org/packages/85/9e/a3ba13e08bbee5bf6e57597dfe4823961fd7e94c0b8afe3a4bb7dca639f3/grpcio-1.83.1-cp312-cp312-linux_armv7l.whl", hash = "sha256:5acd14c6ddf047de62cbf8745b11103ea91abbf57d1b8edd5395ccd9fcd13abb", size = 6303170, upload-time = "2026-08-28T07:08:08.188Z" },
    { url = "https://files.pythonhosted.org/packages/1c/ae/65ce56a2527faa17d02cba4c2231c74047ad898be339486ba87f093bfb66/grpcio-1.83.1-cp312-cp312-macosx_11_0_universal2.whl", hash = "sha256:16138031a47b771860a16a975b53087f4fd5bbdbb2c03a188c5d90ad65d2bdae", size = 12165806, upload-time = "2026-08-28T07:08:10.309Z" },
    { url = "https://files.pythonhosted.org/packages/4e/91/40432480088a2243d360864de072ed5b78c4ebbaabd29c28918f1e1b1454/grpcio-1.83.1-cp312-cp312-manylinux2014_aarch64.manylinux_2_17_aarch64.whl", hash = "sha256:5ccc26715fd4defca5e129e280dd883b1737b65045ec50ffe22ce42104089519", size = 6872490, upload-time = "2026-08-28T07:08:12.355Z" },
    { url = "https://files.pythonhosted.org/packages/c8/62/3da2300c8c79fd20a78a8a4bb6251e5068d9af33bc8fd389b98fec35e8a3/grpcio-1.83.1-cp312-cp312-manylinux2014_i686.manylinux_2_17_i686.whl", hash = "sha256:b74f2a1d9ab1dfa3e263ef33d581613679b78d0884babf11671af26e45570ead", size = 7618367, upload-time = "2026-08-28T07:08:14.025Z" },
    { url = "https://files.pythonhosted.org/packages/bc/19/9fc702e31a631262d7a752fa699f6022821e707fefc8bff49b1550a57729/grpcio-1.83.1-cp312-cp312-manylinux2014_x86_64.manylinux_2_17_x86_64.whl", hash = "sha256:72578aa07a4008f17521ef52debcc3acfd1e2c5426243bc3ffb56a38bfe610b7", size = 7040936, upload-time = "2026-08-28T07:08:15.963Z" },
    { url = "https://files.pythonhosted.org/packages/ec/56/95933cc44cba2429765fa065c951dd529e5771b119d9d2481b4646f1d6a5/grpcio-1.83.1-cp312-cp312-musllinux_1_2_aarch64.whl", hash = "sha256:c12e1fc59c6dc26d10d9144453ddc6cbfe4cd4c31e874ed2d0132f88e685eb8b", size = 7573096, upload-time = "2026-08-28T07:08:17.729Z" },
    { url = "https://files.pythonhosted.org/packages/ac/80/af63359da06b016de48cb111f144703a10043850dafa43ae0a038907b9e8/grpcio-1.83.1-cp312-cp312-musllinux_1_2_i686.whl", hash = "sha256:4910b62f7d12197160bfb7de06d876d64dd12d43483e8292f98f49ca09b628d9", size = 8609442, upload-time = "2026-08-28T07:08:19.777Z" },
    { url = "https://files.pythonhosted.org/packages/3d/fa/f0586c56bdfb8a7a2adda01e0ac2413447cde3141ab09411a5d5afdcffd3/grpcio-1.83.1-cp312-cp312-musllinux_1_2_x86_64.whl", hash = "sha256:9e703effe3ae779925c82ac24fdb82cf4105e1096810151ed9501c5f34546b9c", size = 7984321, upload-time = "2026-08-28T07:08:22.114Z" },
    { url = "https://files.pythonhosted.org/packages/25/8a/14ec05669f9eb295801e26c2ea8c561a1b786b0e3557c2c22131165ab010/grpcio-1.83.1-cp312-cp312-win32.whl", hash = "sha256:a2aea8bd6e0a34f12cbaddb7bb70bec836818789fa5c7ab7572c6b745396a2d4", size = 4395604, upload-time = "2026-08-28T07:08:24.08Z" },
    { url = "https://files.pythonhosted.org/packages/e9/37/8c2f7cc16089e36a3fbacaacc7a3d043912aa0d2dfae5556f6450414ea6e/grpcio-1.83.1-cp312-cp312-win_amd64.whl", hash = "sha256:583bf2e8255040a4a312f9572dfe62a05271437b149550e1a536d5c47d2d1e8a", size = 5161512, upload-time = "2026-08-28T07:08:25.81Z" },
    { url = "https://files.pythonhosted.org/packages/7c/fd/d1fc58933bf88c9209f89dc570c810f1aa57cb04b3459cf2b26f61e32112/grpcio-1.83.1-cp313-cp313-linux_armv7l.whl", hash = "sha256:8d228e253b77865efcbdd7b5894ca882c9e0ea98c02b7d20582e61ded8dfd4b5", size = 6305628, upload-time = "2026-08-28T07:08:27.872Z" },
    { url = "https://files.pythonhosted.org/packages/c4/49/0b40bae059c619505c9b751cee6caa208e4904e290aaefa1728c4c2c67a5/grpcio-1.83.1-cp313-cp313-macosx_11_0_universal2.whl", hash = "sha256:0468b627f2987c9a77f7580030207cbd85457ffe52998beff4f0b5c38c58a72c", size = 12156839, upload-time = "2026-08-28T07:08:30.191Z" },
    { url = "https://files.pythonhosted.org/packages/61/4b/e8c0d635da0ee5ddd9950c8d540f5dcdd0ef1854a382cc55496a487a8d31/grpcio-1.83.1-cp313-cp313-manylinux2014_aarch64.manylinux_2_17_aarch64.whl", hash = "sha256:a6a282e81530cead60bbd752cc04950a57f224379e9821495d6a35bd5ce9b1f4", size = 6877036, upload-time = "2026-08-28T07:08:32.285Z" },
    { url = "https://files.pythonhosted.org/packages/c5/d4/760a33f339a7dd3d5f4b3e0e9bec5472d95592a80f887b2e9dab4e41cfbc/grpcio-1.83.1-cp313-cp313-manylinux2014_i686.manylinux_2_17_i686.whl", hash = "sha256:947d945f52e8ecf3cafd2bb7113502a16ccfda3e12c854443094de32d83ad432", size = 7624404, upload-time = "2026-08-28T07:08:34.194Z" },
    { url = "https://files.pythonhosted.org/packages/54/ec/bd798654b06fb42a92b57d1dc1b530084fa89ed442806fcd0a833a36f9b3/grpcio-1.83.1-cp313-cp313-manylinux2014_x86_64.manylinux_2_17_x86_64.whl", hash = "sha256:55656318d5dd387077396dffb929171ca3966e24bfead9a6c5dba9f889062cb4", size = 7042942, upload-time = "2026-08-28T07:08:36.208Z" },
    { url = "https://files.pythonhosted.org/packages/08/b0/c00f86614566dd0961825cf0f43d4f96a74371d9d95f952bcbc4b86d9a27/grpcio-1.83.1-cp313-cp313-musllinux_1_2_aarch64.whl", hash = "sha256:9daf5acf4fc9d5f5627229969c2580a91e511779d76e4ccdeb9f4770f05d8bc2", size = 7576937, upload-time = "2026-08-28T07:08:38.041Z" },
    { url = "https://files.pythonhosted.org/packages/b1/38/85eff43a5c89dc666a252b5c9f8e9ab03f89e11c95b6263d2933f08fdbe7/grpcio-1.83.1-cp313-cp313-musllinux_1_2_i686.whl", hash = "sha256:7b94174cbca93316888f805efbeb08f1c020f7b7493d2d50cc4f6b64ebb7e8bd", size = 8608391, upload-time = "2026-08-28T07:08:40.092Z" },
    { url = "https://files.pythonhosted.org/packages/35/4e/82835483e2f812494be865e7965c0d626cb9e71ab0d83a420d75aea4ad67/grpcio-1.83.1-cp313-cp313-musllinux_1_2_x86_64.whl", hash = "sha256:65c5a7210911ffe0f67b1cdc5308f9854b6d1f1b345e3e49ab7cac1ba50fa346", size = 7980060, upload-time = "2026-08-28T07:08:42.434Z" },
    { url = "https://files.pythonhosted.org/packages/b2/b7/68a98bef733fef704fbcfb3957c8dba67e3e38ca7a7fea851195bc97c648/grpcio-1.83.1-cp313-cp313-win32.whl", hash = "sha256:179368d9361854616ce6f397d4716e07480129652752fcbcfc5a7260455ad6f2", size = 4395226, upload-time = "2026-08-28T07:08:44.463Z" },
    { url = "https://files.pythonhosted.org/packages/85/a0/df4de3b51d37ac8fb0320bb9668381ce2bd3b7aa990880bfc56a8a26f665/grpcio-1.83.1-cp313-cp313-win_amd64.whl", hash = "sha256:2e57af456385491a76e13c4aada8c8f43a8e47051e06ea97a9dbe2a49654e6db", size = 5160273, upload-time = "2026-08-28T07:08:46.216Z" },
    { url = "https://files.pythonhosted.org/packages/42/9c/484d981d8b90c4e6abf3030bd2ed747e84d1eb192b3ec9cbb41e0b73e4bf/grpcio-1.83.1-cp314-cp314-linux_armv7l.whl", hash = "sha256:8b3c87ca908296bf125f841d3e1a2225a2b39aaa8ed7a57e7ccde465ee519bab", size = 6306089, upload-time = "2026-08-28T07:08:48.379Z" },
    { url = "https://files.pythonhosted.org/packages/84/01/0afec1c92e4f292f74a44ecf75eabbf40903125b8c4df103c9868d6338da/grpcio-1.83.1-cp314-cp314-macosx_11_0_universal2.whl", hash = "sha256:c0f3f20c90e72a171917ae65706500b096a1c3eb5f162c3ce702a2e25635f132", size = 12170381, upload-time = "2026-08-28T07:08:50.653Z" },
    { url = "https://files.pythonhosted.org/packages/c7/5a/e9a2383804433a0a61d6d93777ad321c7f36ac1cfdaa4c6d1a7c9ac846b7/grpcio-1.83.1-cp314-cp314-manylinux2014_aarch64.manylinux_2_17_aarch64.whl", hash = "sha256:81bbf35a46bf8cad2dfbb2eccc19c711befb58b288acb534bbcd0d74283202a6", size = 6883286, upload-time = "2026-08-28T07:08:53.654Z" },
    { url = "https://files.pythonhosted.org/packages/63/e7/f8ca8f76994e14c70b9a0052e82f10de497a23db450c36379c9716ebfc4d/grpcio-1.83.1-cp314-cp314-manylinux2014_i686.manylinux_2_17_i686.whl", hash = "sha256:215cec07d11176507387bda4bf2751816e880f9bff8dc1ca524bfbb8ed8f2fad", size = 7624293, upload-time = "2026-08-28T07:08:55.709Z" },
    { url = "https://files.pythonhosted.org/packages/bb/7a/4b672814b0cd0fe63bdd735379d88b165759f3144ab023ad8ec5fc4d53ac/grpcio-1.83.1-cp314-cp314-manylinux2014_x86_64.manylinux_2_17_x86_64.whl", hash = "sha256:abce7d43ec29cd39230fa8339de1a07643b55adc412a454850fbd875349950ff", size = 7044346, upload-time = "2026-08-28T07:08:57.802Z" },
    { url = "https://files.pythonhosted.org/packages/50/b8/d89fe60e4239ad51be333dd9cc703741d449a35064e51f8a0b5bfa755432/grpcio-1.83.1-cp314-cp314-musllinux_1_2_aarch64.whl", hash = "sha256:e256f95a40e3b0183a98556fb7164d24b97eeb353123ccabfcba94712b35ee2a", size = 7584187, upload-time = "2026-08-28T07:08:59.867Z" },
    { url = "https://files.pythonhosted.org/packages/dc/b2/b290d7402633d9166e4dd47e6f5f74a24ce10a8340b84455896ebc349f85/grpcio-1.83.1-cp314-cp314-musllinux_1_2_i686.whl", hash = "sha256:2110059146fb0ea216e1ffddb29377b5cc2fd412a5b0a92e102616bd5edf18c2", size = 8608730, upload-time = "2026-08-28T07:09:02.592Z" },
    { url = "https://files.pythonhosted.org/packages/f5/44/fa89e44d1b5cf5b9fa71b2fd7abf506f182fd43917231a92fbf1ea326b02/grpcio-1.83.1-cp314-cp314-musllinux_1_2_x86_64.whl", hash = "sha256:20d944d967843f8183f9f23d5916388362e5f8eeeae855bbe4354d906dc9f31b", size = 7983283, upload-time = "2026-08-28T07:09:05.087Z" },
    { url = "https://files.pythonhosted.org/packages/ce/b8/9db73ed1f35ffa76124ac574bf296d06a359798dfd6b50d382f2b8a060a1/grpcio-1.83.1-cp314-cp314-win32.whl", hash = "sha256:623c87c6d4a1cb30d82c4e896f95477050f2e01b4a1f8cf91ff2b1abdf89c457", size = 4474327, upload-time = "2026-08-28T07:09:07.179Z" },
    { url = "https://files.pythonhosted.org/packages/65/22/fc9a622d885a7a37ff972a12faaef443d74e47407181da70d0ab62ab41f0/grpcio-1.83.1-cp314-cp314-win_amd64.whl", hash = "sha256:47e6934ad38779271e2e7cc5f78a63a407cf3d98114c65c1fdbcd3f5a716f29b", size = 5302032, upload-time = "2026-08-28T07:09:09.285Z" },
]

[[package]]
name = "iniconfig"
version = "2.3.0"
source = { registry = "https://pypi.org/simple" }
sdist = { url = "https://files.pythonhosted.org/packages/72/34/14ca021ce8e5dfedc35312d08ba8bf51fdd999c576889fc2c24cb97f4f10/iniconfig-2.3.0.tar.gz", hash = "sha256:c76315c77db068650d49c5b56314774a7804df16fee4402c1f19d6d15d8c4730", size = 20503, upload-time = "2025-10-18T21:55:43.219Z" }
wheels = [
    { url = "https://files.pythonhosted.org/packages/cb/b1/3846dd7f199d53cb17f49cba7e651e9ce294d8497c8c150530ed11865bb8/iniconfig-2.3.0-py3-none-any.whl", hash = "sha256:f631c04d2c48c52b84d0d0549c99ff3859c98df65b3101406327ecc7d53fbf12", size = 7484, upload-time = "2025-10-18T21:55:41.639Z" },
]

[[package]]
name = "opentelemetry-api"
version = "1.44.0"
source = { registry = "https://pypi.org/simple" }
dependencies = [
    { name = "typing-extensions" },
]
sdist = { url = "https://files.pythonhosted.org/packages/ee/8b/aa9e2d8b8dfa7c946f7dec5d1f8f6ba8eca062f43509a06bdb5ce93d26c0/opentelemetry_api-1.44.0.tar.gz", hash = "sha256:67647e5e9566edcf421166fdf022b3537f818635daa852b289e34604dc6fb33a", size = 72406, upload-time = "2026-07-16T15:25:32.678Z" }
wheels = [
    { url = "https://files.pythonhosted.org/packages/ca/6f/a04e900f465ff3221ccc395522503e2d10e79fa21f2723c8e177aae1e0d1/opentelemetry_api-1.44.0-py3-none-any.whl", hash = "sha256:94b98c893a91b88657eaac1e3ba89618cdb85be6918196705354f34728b2cdef", size = 60018, upload-time = "2026-07-16T15:25:11.657Z" },
]

[[package]]
name = "opentelemetry-exporter-otlp-proto-common"
version = "1.44.0"
source = { registry = "https://pypi.org/simple" }
dependencies = [
    { name = "opentelemetry-proto" },
]
sdist = { url = "https://files.pythonhosted.org/packages/61/09/4d717852c1cf3f854b76c7110a5d00883bc3c99288b9b0dbcbeb9e306eb6/opentelemetry_exporter_otlp_proto_common-1.44.0.tar.gz", hash = "sha256:dc87a5a5bc58f149a56d1547e4691588fa12994cdc3bc039a694ccb3375862ac", size = 20202, upload-time = "2026-07-16T15:25:37.658Z" }
wheels = [
    { url = "https://files.pythonhosted.org/packages/5e/71/65fd9d54c10b860f87c045ccee1264cab7011268895d3528818a29c1172a/opentelemetry_exporter_otlp_proto_common-1.44.0-py3-none-any.whl", hash = "sha256:9a9fe61bba73d802904bc989f1d6b4a7b1ee40f06c40e98d6f85af65aaebb694", size = 17045, upload-time = "2026-07-16T15:25:18.201Z" },
]

[[package]]
name = "opentelemetry-exporter-otlp-proto-grpc"
version = "1.44.0"
source = { registry = "https://pypi.org/simple" }
dependencies = [
    { name = "googleapis-common-protos" },
    { name = "grpcio" },
    { name = "opentelemetry-api" },
    { name = "opentelemetry-exporter-otlp-proto-common" },
    { name = "opentelemetry-proto" },
    { name = "opentelemetry-sdk" },
    { name = "typing-extensions" },
]
sdist = { url = "https://files.pythonhosted.org/packages/1f/47/80d9e9d468dc5de3af5096f5ccdb065fa4dd1470f74495cc53e59e397f47/opentelemetry_exporter_otlp_proto_grpc-1.44.0.tar.gz", hash = "sha256:40d1ae9e03fcc36de3cbac610cc99f35894938bff9cfd90fc4ec68bd85448463", size = 27225, upload-time = "2026-07-16T15:25:38.308Z" }
wheels = [
    { url = "https://files.pythonhosted.org/packages/54/29/6ae42ba32b153ae0a44ae125f0caff2188bbe62d99c82d1768da30864e72/opentelemetry_exporter_otlp_proto_grpc-1.44.0-py3-none-any.whl", hash = "sha256:6a1a645ea182a2f59440c51fa8301d309f3324a8f9d65f8395584b064b67ee4e", size = 19624, upload-time = "2026-07-16T15:25:19.096Z" },
]

[[package]]
name = "opentelemetry-proto"
version = "1.44.0"
source = { registry = "https://pypi.org/simple" }
dependencies = [
    { name = "protobuf" },
]
sdist = { url = "https://files.pythonhosted.org/packages/64/01/40ac4ae9a149263cc52c2cee200ddd80cb6d8db1a4610abf8eabce0fe771/opentelemetry_proto-1.44.0.tar.gz", hash = "sha256:c547a79c2f8c0c515d31509154682e5921c7cfd5ca67b70e1f9266e2c3e103f3", size = 46488, upload-time = "2026-07-16T15:25:45.34Z" }
wheels = [
    { url = "https://files.pythonhosted.org/packages/d1/7c/8be563d68e93bbefa5c8affb82ddcff91b3ad858ce49957ba7b16fd3e0ab/opentelemetry_proto-1.44.0-py3-none-any.whl", hash = "sha256:898b155a0e1557afd867478fb6158e8122a46329ca0bb8dc53cc55e98f017f56", size = 72483, upload-time = "2026-07-16T15:25:28.429Z" },
]

[[package]]
name = "opentelemetry-sdk"
version = "1.44.0"
source = { registry = "https://pypi.org/simple" }
dependencies = [
    { name = "opentelemetry-api" },
    { name = "opentelemetry-semantic-conventions" },
    { name = "typing-extensions" },
]
sdist = { url = "https://files.pythonhosted.org/packages/5d/77/a6592cbc7c8d9bcc9d6757a9df45e04a7c585e3e6e7a13456da522b21109/opentelemetry_sdk-1.44.0.tar.gz", hash = "sha256:cebe7f65dc12f26ead75c6064de12fd2a9052e5060c0272d402cfa203aae123b", size = 208624, upload-time = "2026-07-16T15:25:46.078Z" }
wheels = [
    { url = "https://files.pythonhosted.org/packages/e7/23/ff077e61886ee020a17ce9c8b6fa11c601c8d8345b09ea24f605445df62a/opentelemetry_sdk-1.44.0-py3-none-any.whl", hash = "sha256:df081c4c6bcfdb1211e3e86140376792643128a25f8d72d1d27675936e7e96ad", size = 137221, upload-time = "2026-07-16T15:25:29.534Z" },
]

[[package]]
name = "opentelemetry-semantic-conventions"
version = "0.65b0"
source = { registry = "https://pypi.org/simple" }
dependencies = [
    { name = "opentelemetry-api" },
    { name = "typing-extensions" },
]
sdist = { url = "https://files.pythonhosted.org/packages/8f/73/0cbdebcb4cf545fdd328da14f5137e37d0770c3f26185e478b0d15d94f50/opentelemetry_semantic_conventions-0.65b0.tar.gz", hash = "sha256:f9b2b81e9d5b64f11bc952075e7e9c7fb0aab075c7fd1c46d597f1b919852d60", size = 148774, upload-time = "2026-07-16T15:25:46.902Z" }
wheels = [
    { url = "https://files.pythonhosted.org/packages/a6/0e/49df70d9b81fb5cbae4bbf2a49d865b09bcbcbc4eb53f5851b1027738d78/opentelemetry_semantic_conventions-0.65b0-py3-none-any.whl", hash = "sha256:1cacde7b0ad306f84c5ef08c3dbe1bbaf20165bba6f8bff43b670e555a086bcb", size = 204645, upload-time = "2026-07-16T15:25:30.688Z" },
]

[[package]]
name = "packaging"
version = "26.3"
source = { registry = "https://pypi.org/simple" }
sdist = { url = "https://files.pythonhosted.org/packages/7d/fa/3944b40b07da9ce895c0e6303a5ab7d53da063554f534556b134a54d6093/packaging-26.3.tar.gz", hash = "sha256:94edc256424af38762eb31306eed28beb9f0efc50a8837492c9d6fd6004aed79", size = 313412, upload-time = "2026-08-04T18:15:28.737Z" }
wheels = [
    { url = "https://files.pythonhosted.org/packages/63/34/ba1c580383c9eada3711951fef0795c80b829a078d72188184bcab9dd527/packaging-26.3-py3-none-any.whl", hash = "sha256:d7193f7c8e4e93f444fde0262bf90af30e16fa0ad0ad44cb553c87339b23cd1c", size = 129956, upload-time = "2026-08-04T18:15:27.159Z" },
]

[[package]]
name = "pluggy"
version = "1.6.0"
source = { registry = "https://pypi.org/simple" }
sdist = { url = "https://files.pythonhosted.org/packages/f9/e2/3e91f31a7d2b083fe6ef3fa267035b518369d9511ffab804f839851d2779/pluggy-1.6.0.tar.gz", hash = "sha256:7dcc130b76258d33b90f61b658791dede3486c3e6bfb003ee5c9bfb396dd22f3", size = 69412, upload-time = "2025-05-15T12:30:07.975Z" }
wheels = [
    { url = "https://files.pythonhosted.org/packages/54/20/4d324d65cc6d9205fabedc306948156824eb9f0ee1633355a8f7ec5c66bf/pluggy-1.6.0-py3-none-any.whl", hash = "sha256:e920276dd6813095e9377c0bc5566d94c932c33b27a3e3945d8389c374dd4746", size = 20538, upload-time = "2025-05-15T12:30:06.134Z" },
]

[[package]]
name = "protobuf"
version = "7.36.1"
source = { registry = "https://pypi.org/simple" }
sdist = { url = "https://files.pythonhosted.org/packages/86/73/f66c748df06e7fe24e658eddd600d19c4b40bad836c97ce2d0ad9851fb6b/protobuf-7.36.1.tar.gz", hash = "sha256:d0f6470f0ce2b84e3feaea2d4b816378b37ba4d4aa08a274305373de93e2d524", size = 512499, upload-time = "2026-08-31T22:40:04.667Z" }
wheels = [
    { url = "https://files.pythonhosted.org/packages/f7/6c/3a54a58f2948b0f485df9ecdd06590f15d0a7abf46a89d50c3de709ff4ff/protobuf-7.36.1-cp310-abi3-macosx_10_9_universal2.whl", hash = "sha256:3cf2ee25d006cee57294a1196ea43b37feb78e0dcd1e8af5c1aeddb777655aca", size = 456046, upload-time = "2026-08-31T22:39:56.865Z" },
    { url = "https://files.pythonhosted.org/packages/6e/08/9f9548793c771095245c0eeaf0c84b76b16a5ef26158043d456f551344a0/protobuf-7.36.1-cp310-abi3-manylinux2014_aarch64.whl", hash = "sha256:43d3d37b1eb24c113b9b7d02008cac44e423f00b611b7781ae998d7623972969", size = 344226, upload-time = "2026-08-31T22:39:58.263Z" },
    { url = "https://files.pythonhosted.org/packages/fe/51/1bdbd612fa3c51e42ea6f45d05e84dc748ddcd2663e1aa1e89a00a33facd/protobuf-7.36.1-cp310-abi3-manylinux2014_s390x.whl", hash = "sha256:39c518c05586c016d7874ff6079ee115bcec1ea5fbb1d177fbf7867ef4c67e44", size = 357229, upload-time = "2026-08-31T22:39:59.198Z" },
    { url = "https://files.pythonhosted.org/packages/22/df/c799fe7a05ef16ba853a59db01f3a2c5f7d0676469589ccc4874f76a2a88/protobuf-7.36.1-cp310-abi3-manylinux2014_x86_64.whl", hash = "sha256:97198b77e369a0abd8e262b8f6c7266c55ddb796a3a12c76d7b8881188ed83aa", size = 343228, upload-time = "2026-08-31T22:40:00.179Z" },
    { url = "https://files.pythonhosted.org/packages/3d/33/d4724ec5d86d496fe4108e220618aa0837ad3423a7af7ccdd9684ccc77c8/protobuf-7.36.1-cp310-abi3-win32.whl", hash = "sha256:0b53ce95272aad50ad25d7ff03373743209822e8ba42ea7fad27d2bee1547d00", size = 443002, upload-time = "2026-08-31T22:40:01.32Z" },
    { url = "https://files.pythonhosted.org/packages/db/37/155788a0d8daded960375af604202805308169f9b859419ea0aa370946e2/protobuf-7.36.1-cp310-abi3-win_amd64.whl", hash = "sha256:51139351435d9b43d88a55eaa49fb6f737fbb478fb0cbf2cf694d1a04a9d3363", size = 456518, upload-time = "2026-08-31T22:40:02.494Z" },
    { url = "https://files.pythonhosted.org/packages/39/ca/c47f91d3cab175b01fd8c4f0d80fdf8613be876cc616e66ad281a59c5ddf/protobuf-7.36.1-py3-none-any.whl", hash = "sha256:7d951e46b3f963d6c264c367c437921de9d5aedd9c3f9612b9077736b4e3ad5c", size = 179813, upload-time = "2026-08-31T22:40:03.54Z" },
]

[[package]]
name = "pygments"
version = "2.21.0"
source = { registry = "https://pypi.org/simple" }
sdist = { url = "https://files.pythonhosted.org/packages/49/2e/ced460408999b33da6b31b0021b0f37d329e202d4169aeb164493778f25b/pygments-2.21.0.tar.gz", hash = "sha256:610ca751c9bc2492b38eb9a38a7fbc93edbbb2d7182edaf34e66ae493dee5c8c", size = 5005329, upload-time = "2026-08-17T08:02:48.824Z" }
wheels = [
    { url = "https://files.pythonhosted.org/packages/71/46/17f022dd3e953bf20a04a028a21ec746d942f8d2af30fa0f124fa0e6a684/pygments-2.21.0-py3-none-any.whl", hash = "sha256:2363c69b61c4a97c838da3b130dcd6468f4848992b21a82f2a63ec34377137d9", size = 1250147, upload-time = "2026-08-17T08:02:44.912Z" },
]

[[package]]
name = "pytest"
version = "9.1.1"
source = { registry = "https://pypi.org/simple" }
dependencies = [
    { name = "colorama", marker = "sys_platform == 'win32'" },
    { name = "iniconfig" },
    { name = "packaging" },
    { name = "pluggy" },
    { name = "pygments" },
]
sdist = { url = "https://files.pythonhosted.org/packages/e4/47/b9efed96c114afcfa3c9d3fe98a76a1d14c74a9e266d397cf6eb64be5e01/pytest-9.1.1.tar.gz", hash = "sha256:1088fbde8f2b49d95a549a195707afa7a76a3ce9bcadc26b6d71f0ffda5fe313", size = 1636369, upload-time = "2026-06-19T10:58:32.857Z" }
wheels = [
    { url = "https://files.pythonhosted.org/packages/24/25/1de2678b631f5a49215c6c96fff41ba892b0a34df68d6d80292b1b48aa7f/pytest-9.1.1-py3-none-any.whl", hash = "sha256:37a86b45efb9a47a61a36449063e8e18d0cab3161329fc099eb21783169c4f0c", size = 386536, upload-time = "2026-06-19T10:58:31.347Z" },
]

[[package]]
name = "pytest-asyncio"
version = "1.4.0"
source = { registry = "https://pypi.org/simple" }
dependencies = [
    { name = "pytest" },
    { name = "typing-extensions", marker = "python_full_version < '3.13'" },
]
sdist = { url = "https://files.pythonhosted.org/packages/43/7c/d36d04db312ecf4298932ef77e6e4a9e8ad017906e24e34f0b0c361a2473/pytest_asyncio-1.4.0.tar.gz", hash = "sha256:c6c0d2259945122819f171a32ecea2c349ead889ee28176caaf492143424be42", size = 58514, upload-time = "2026-05-26T09:56:04.083Z" }
wheels = [
    { url = "https://files.pythonhosted.org/packages/03/e2/08a497ef684b88559c9cc5f4ad53a37e7b99e727094a86d6ea32536d5d3c/pytest_asyncio-1.4.0-py3-none-any.whl", hash = "sha256:933ca923a23075a87fb7070c0ec272a6848489824d887c85c812670932835aa1", size = 16930, upload-time = "2026-05-26T09:56:02.576Z" },
]

[[package]]
name = "ruff"
version = "0.16.7"
source = { registry = "https://pypi.org/simple" }
sdist = { url = "https://files.pythonhosted.org/packages/82/bb/5a449b9162e49b139d72f61672bd3ac1d790221f796d3304e2241fff4c58/ruff-0.16.7.tar.gz", hash = "sha256:5f71d004ac1263b22fa39462ac5ae618a4b77d58981af2cc79bf79a29c12b1a6", size = 4924184, upload-time = "2026-09-10T18:04:06.336Z" }
wheels = [
    { url = "https://files.pythonhosted.org/packages/e3/b2/c80aeeb7f9e469c0d63a85d2f1ab6e1ebfbe10ea7a8d2438b7e09e3ff09e/ruff-0.16.7-py3-none-linux_armv6l.whl", hash = "sha256:727307773e7c7f9181d3ed3a2484186e56c1fa1874255911c74585eb2c7c19f9", size = 10048917, upload-time = "2026-09-10T18:03:30.28Z" },
    { url = "https://files.pythonhosted.org/packages/7b/96/20bb7bcae008004df52afcb7ac83432d4a467f2c17b672fe46d26be231c5/ruff-0.16.7-py3-none-macosx_10_12_x86_64.whl", hash = "sha256:9d61c258deabf58f34c67bd4bb4d939c7f2e6b5f0e59c1cdd1cf771b11cde929", size = 10242929, upload-time = "2026-09-10T18:03:32.706Z" },
    { url = "https://files.pythonhosted.org/packages/90/b2/f184b0d5abec02db69cfd7e49b688ae0237554528ca777136c613bf36bee/ruff-0.16.7-py3-none-macosx_11_0_arm64.whl", hash = "sha256:7ab81118df8945e0193d0240712aa4496573595b75185c3636ed825592a0f728", size = 9847245, upload-time = "2026-09-10T18:03:34.509Z" },
    { url = "https://files.pythonhosted.org/packages/eb/2d/db1633a641866ed801e34cc6b60ef236c5e16f9b2124ab1d49cc24a5fe4f/ruff-0.16.7-py3-none-manylinux_2_17_aarch64.manylinux2014_aarch64.whl", hash = "sha256:4c196c968874fc8019da8e7163de7a1a370f111e2309b4b7dfea0fce950198d0", size = 9961780, upload-time = "2026-09-10T18:03:36.618Z" },
    { url = "https://files.pythonhosted.org/packages/4d/98/edea21e1a3e38dbbc3bf6bb068b863b3b06184cf8533a4c7dbbe208a89d5/ruff-0.16.7-py3-none-manylinux_2_17_armv7l.manylinux2014_armv7l.whl", hash = "sha256:ac8c3bd0a7e10ad31e6ce51e7a99f3cb772e69aecdd6b9ea7e99b362f62a62c0", size = 9866337, upload-time = "2026-09-10T18:03:38.805Z" },
    { url = "https://files.pythonhosted.org/packages/0b/11/a15e60d4c87b214646f116ca9d204475bf993ee1047459bc9a360fd4d6d1/ruff-0.16.7-py3-none-manylinux_2_17_i686.manylinux2014_i686.whl", hash = "sha256:398d3988edde000b5c75dc1b3f584708da9bc990de069c18909142580fec1af9", size = 10562512, upload-time = "2026-09-10T18:03:40.71Z" },
    { url = "https://files.pythonhosted.org/packages/29/42/eaff4c9b6d0c7cdf56df313a17e89ae854f5bbc0b0c8f9cce19be0ab7a8f/ruff-0.16.7-py3-none-manylinux_2_17_ppc64le.manylinux2014_ppc64le.whl", hash = "sha256:ce05b62b770a8217c4646a9c4139fca00efe8fe5d71f87df2b243ff20d4584d1", size = 11302938, upload-time = "2026-09-10T18:03:42.607Z" },
    { url = "https://files.pythonhosted.org/packages/5d/43/c75aa59a4ec181fe2ec06cab30e198c1c6d107229a9f008ae3a7c16cabd8/ruff-0.16.7-py3-none-manylinux_2_17_s390x.manylinux2014_s390x.whl", hash = "sha256:af1b576fddb9d9ef2ececfb5fadcd6a624b25070ed85e3cfcfe449fc3ff6a7b9", size = 10840857, upload-time = "2026-09-10T18:03:44.604Z" },
    { url = "https://files.pythonhosted.org/packages/21/33/81f3da371942ea031105ba679d8d6e28ec1660ccd690a45f42d381161356/ruff-0.16.7-py3-none-manylinux_2_17_x86_64.manylinux2014_x86_64.whl", hash = "sha256:9ce7f8f22df67c93ed96c717f9128eadb797144ac2bad475cf536f31d6100c55", size = 10370001, upload-time = "2026-09-10T18:03:46.706Z" },
    { url = "https://files.pythonhosted.org/packages/fa/0b/6345fb4dbf6dd0ed1cfe5d18391dc9c3f59cc81622a7b0a65b84b3e730ba/ruff-0.16.7-py3-none-manylinux_2_31_riscv64.whl", hash = "sha256:06d0e93d04f392996435ebd600c153f65b47d73fbec2415aa99c5ee5756b3a5f", size = 10548735, upload-time = "2026-09-10T18:03:48.658Z" },
    { url = "https://files.pythonhosted.org/packages/3f/4d/c5576adf511f92a328e5569dda190ecdd430da51f1a649f3a4a2fd73e21e/ruff-0.16.7-py3-none-musllinux_1_2_aarch64.whl", hash = "sha256:142151a5e7b93c1b11111337142f89dd2fbfee92161225c99a97222f22e32656", size = 10108496, upload-time = "2026-09-10T18:03:50.563Z" },
    { url = "https://files.pythonhosted.org/packages/ff/8c/667d83c16199a17a56adc6b0bd4c3beb5b767a2babcd16a56f76f9be7fd6/ruff-0.16.7-py3-none-musllinux_1_2_armv7l.whl", hash = "sha256:e6651f97a342d8b35d54d8991544ca22169b86dc54111cb604666940c431b750", size = 9860136, upload-time = "2026-09-10T18:03:52.621Z" },
    { url = "https://files.pythonhosted.org/packages/99/75/78d401106731999a1dd20cc5a6961e37e1eb9397a3b589f73f3a5ce146a3/ruff-0.16.7-py3-none-musllinux_1_2_i686.whl", hash = "sha256:ef140c6eb935fa9a84c9c607dfb2cb1b85843c192e79265b0c54f35f557ea8e5", size = 10286290, upload-time = "2026-09-10T18:03:55.207Z" },
    { url = "https://files.pythonhosted.org/packages/68/49/56f9c3a8b755df93a0ad318b2147bf4ef5dae9a7e5ec61c460109c67957f/ruff-0.16.7-py3-none-musllinux_1_2_x86_64.whl", hash = "sha256:53e39506a730fadeee0d998ed5946f30671f0db240c6c7c73bdabbe33604bb6f", size = 10745048, upload-time = "2026-09-10T18:03:57.299Z" },
    { url = "https://files.pythonhosted.org/packages/5f/ea/7f9b938a63ece4bec677ad7f9f7fa02df3383db1949ed93a382441c09a87/ruff-0.16.7-py3-none-win32.whl", hash = "sha256:2ea3470fcebcbc5df2fb0c6f3b90333fa9084c534e0111c038fa4a6ab9f1c4b7", size = 10059082, upload-time = "2026-09-10T18:03:59.632Z" },
    { url = "https://files.pythonhosted.org/packages/39/11/480a6973a927aa653e1cead6a6416008640e03a99d05b34c0434b8c6c366/ruff-0.16.7-py3-none-win_amd64.whl", hash = "sha256:7ac26aca826e9e21d0f1cb25b54ac660760a9fdd094d3e4df9848232be98cfc6", size = 10593368, upload-time = "2026-09-10T18:04:01.999Z" },
    { url = "https://files.pythonhosted.org/packages/8b/4b/51327018d056f0dad2c2238f26d1fb0f53707a9d91b75dea6d1b3039f136/ruff-0.16.7-py3-none-win_arm64.whl", hash = "sha256:aab7f39e2c9df6c596216070f98eef1207b94f8516cca20c808826974971855b", size = 10412401, upload-time = "2026-09-10T18:04:04.098Z" },
]

[[package]]
name = "typing-extensions"
version = "4.16.0"
source = { registry = "https://pypi.org/simple" }
sdist = { url = "https://files.pythonhosted.org/packages/f6/cc/6253133b5bb138fc3306cebfbda2c520f545d36b5be2c7255cc528bb45d6/typing_extensions-4.16.0.tar.gz", hash = "sha256:dc983d19a509c94dba722ee6abd33940f7c05a89e243c47e907eb4db6f1a43e5", size = 113555, upload-time = "2026-07-02T08:40:05.92Z" }
wheels = [
    { url = "https://files.pythonhosted.org/packages/49/d3/b8441a820a491ddfc024b0b0cf0393375b75ea13866d9c66727e54c2fc80/typing_extensions-4.16.0-py3-none-any.whl", hash = "sha256:481caa481374e813c1b176ada14e97f1f67a4539ce9cfeb3f350d78d6370c2e8", size = 45571, upload-time = "2026-07-02T08:40:04.659Z" },
]
